
Microsoft Visual Studio Solution File, Format Version 12.00
# Visual Studio 14
VisualStudioVersion = 14.0.24720.0
MinimumVisualStudioVersion = 10.0.40219.1
Project("{F184B08F-C81C-45F6-A57F-5ABD9991F28F}") = "ResistorCalculator", "ResistorCalculator\ResistorCalculator.vbproj", "{FF092C48-72B3-4B09-8C31-53584F663D33}"
EndProject
Global
	GlobalSection(SolutionConfigurationPlatforms) = preSolution
		Debug|Any CPU = Debug|Any CPU
		Release|Any CPU = Release|Any CPU
	EndGlobalSection
	GlobalSection(ProjectConfigurationPlatforms) = postSolution
		{FF092C48-72B3-4B09-8C31-53584F663D33}.Debug|Any CPU.ActiveCfg = Debug|Any CPU
		{FF092C48-72B3-4B09-8C31-53584F663D33}.Debug|Any CPU.Build.0 = Debug|Any CPU
		{FF092C48-72B3-4B09-8C31-53584F663D33}.Release|Any CPU.ActiveCfg = Release|Any CPU
		{FF092C48-72B3-4B09-8C31-53584F663D33}.Release|Any CPU.Build.0 = Release|Any CPU
	EndGlobalSection
	GlobalSection(SolutionProperties) = preSolution
		HideSolutionNode = FALSE
	EndGlobalSection
EndGlobal
